// !$*UTF8*$!
{
	archiveVersion = 1;
	classes = {
	};
	objectVersion = 55;
	objects = {

/* Begin PBXBuildFile section */
		59A5D00527ADE821000CAA9C /* JustPlayApp.swift in Sources */ = {isa = PBXBuildFile; fileRef = 59A5D00427ADE821000CAA9C /* JustPlayApp.swift */; };
		59A5D00727ADE821000CAA9C /* ContentView.swift in Sources */ = {isa = PBXBuildFile; fileRef = 59A5D00627ADE821000CAA9C /* ContentView.swift */; };
		59A5D00927ADE824000CAA9C /* Assets.xcassets in Resources */ = {isa = PBXBuildFile; fileRef = 59A5D00827ADE824000CAA9C /* Assets.xcassets */; };
		59A5D00C27ADE824000CAA9C /* Preview Assets.xcassets in Resources */ = {isa = PBXBuildFile; fileRef = 59A5D00B27ADE824000CAA9C /* Preview Assets.xcassets */; };
		59A5D01627ADE824000CAA9C /* JustPlayTests.swift in Sources */ = {isa = PBXBuildFile; fileRef = 59A5D01527ADE824000CAA9C /* JustPlayTests.swift */; };
		59A5D02027ADE824000CAA9C /* JustPlayUITests.swift in Sources */ = {isa = PBXBuildFile; fileRef = 59A5D01F27ADE824000CAA9C /* JustPlayUITests.swift */; };
		59A5D02227ADE824000CAA9C /* JustPlayUITestsLaunchTests.swift in Sources */ = {isa = PBXBuildFile; fileRef = 59A5D02127ADE824000CAA9C /* JustPlayUITestsLaunchTests.swift */; };
/* End PBXBuildFile section */

/* Begin PBXContainerItemProxy section */
		59A5D01227ADE824000CAA9C /* PBXContainerItemProxy */ = {
			isa = PBXContainerItemProxy;
			containerPortal = 59A5CFF927ADE821000CAA9C /* Project object */;
			proxyType = 1;
			remoteGlobalIDString = 59A5D00027ADE821000CAA9C;
			remoteInfo = JustPlay;
		};
		59A5D01C27ADE824000CAA9C /* PBXContainerItemProxy */ = {
			isa = PBXContainerItemProxy;
			containerPortal = 59A5CFF927ADE821000CAA9C /* Project object */;
			proxyType = 1;
			remoteGlobalIDString = 59A5D00027ADE821000CAA9C;
			remoteInfo = JustPlay;
		};
/* End PBXContainerItemProxy section */

/* Begin PBXFileReference section */
		59A5D00127ADE821000CAA9C /* JustPlay.app */ = {isa = PBXFileReference; explicitFileType = wrapper.application; includeInIndex = 0; path = JustPlay.app; sourceTree = BUILT_PRODUCTS_DIR; };
		59A5D00427ADE821000CAA9C /* JustPlayApp.swift */ = {isa = PBXFileReference; lastKnownFileType = sourcecode.swift; path = JustPlayApp.swift; sourceTree = "<group>"; };
		59A5D00627ADE821000CAA9C /* ContentView.swift */ = {isa = PBXFileReference; lastKnownFileType = sourcecode.swift; path = ContentView.swift; sourceTree = "<group>"; };
		59A5D00827ADE824000CAA9C /* Assets.xcassets */ = {isa = PBXFileReference; lastKnownFileType = folder.assetcatalog; path = Assets.xcassets; sourceTree = "<group>"; };
		59A5D00B27ADE824000CAA9C /* Preview Assets.xcassets */ = {isa = PBXFileReference; lastKnownFileType = folder.assetcatalog; path = "Preview Assets.xcassets"; sourceTree = "<group>"; };
		59A5D01127ADE824000CAA9C /* JustPlayTests.xctest */ = {isa = PBXFileReference; explicitFileType = wrapper.cfbundle; includeInIndex = 0; path = JustPlayTests.xctest; sourceTree = BUILT_PRODUCTS_DIR; };
		59A5D01527ADE824000CAA9C /* JustPlayTests.swift */ = {isa = PBXFileReference; lastKnownFileType = sourcecode.swift; path = JustPlayTests.swift; sourceTree = "<group>"; };
		59A5D01B27ADE824000CAA9C /* JustPlayUITests.xctest */ = {isa = PBXFileReference; explicitFileType = wrapper.cfbundle; includeInIndex = 0; path = JustPlayUITests.xctest; sourceTree = BUILT_PRODUCTS_DIR; };
		59A5D01F27ADE824000CAA9C /* JustPlayUITests.swift */ = {isa = PBXFileReference; lastKnownFileType = sourcecode.swift; path = JustPlayUITests.swift; sourceTree = "<group>"; };
		59A5D02127ADE824000CAA9C /* JustPlayUITestsLaunchTests.swift */ = {isa = PBXFileReference; lastKnownFileType = sourcecode.swift; path = JustPlayUITestsLaunchTests.swift; sourceTree = "<group>"; };
/* End PBXFileReference section */

/* Begin PBXFrameworksBuildPhase section */
		59A5CFFE27ADE821000CAA9C /* Frameworks */ = {
			isa = PBXFrameworksBuildPhase;
			buildActionMask = 2147483647;
			files = (
			);
			runOnlyForDeploymentPostprocessing = 0;
		};
		59A5D00E27ADE824000CAA9C /* Frameworks */ = {
			isa = PBXFrameworksBuildPhase;
			buildActionMask = 2147483647;
			files = (
			);
			runOnlyForDeploymentPostprocessing = 0;
		};
		59A5D01827ADE824000CAA9C /* Frameworks */ = {
			isa = PBXFrameworksBuildPhase;
			buildActionMask = 2147483647;
			files = (
			);
			runOnlyForDeploymentPostprocessing = 0;
		};
/* End PBXFrameworksBuildPhase section */

/* Begin PBXGroup section */
		59A5CFF827ADE821000CAA9C = {
			isa = PBXGroup;
			children = (
				59A5D00327ADE821000CAA9C /* JustPlay */,
				59A5D01427ADE824000CAA9C /* JustPlayTests */,
				59A5D01E27ADE824000CAA9C /* JustPlayUITests */,
				59A5D00227ADE821000CAA9C /* Products */,
			);
			sourceTree = "<group>";
		};
		59A5D00227ADE821000CAA9C /* Products */ = {
			isa = PBXGroup;
			children = (
				59A5D00127ADE821000CAA9C /* JustPlay.app */,
				59A5D01127ADE824000CAA9C /* JustPlayTests.xctest */,
				59A5D01B27ADE824000CAA9C /* JustPlayUITests.xctest */,
			);
			name = Products;
			sourceTree = "<group>";
		};
		59A5D00327ADE821000CAA9C /* JustPlay */ = {
			isa = PBXGroup;
			children = (
				59A5D00427ADE821000CAA9C /* JustPlayApp.swift */,
				59A5D00627ADE821000CAA9C /* ContentView.swift */,
				59A5D00827ADE824000CAA9C /* Assets.xcassets */,
				59A5D00A27ADE824000CAA9C /* Preview Content */,
			);
			path = JustPlay;
			sourceTree = "<group>";
		};
		59A5D00A27ADE824000CAA9C /* Preview Content */ = {
			isa = PBXGroup;
			children = (
				59A5D00B27ADE824000CAA9C /* Preview Assets.xcassets */,
			);
			path = "Preview Content";
			sourceTree = "<group>";
		};
		59A5D01427ADE824000CAA9C /* JustPlayTests */ = {
			isa = PBXGroup;
			children = (
				59A5D01527ADE824000CAA9C /* JustPlayTests.swift */,
			);
			path = JustPlayTests;
			sourceTree = "<group>";
		};
		59A5D01E27ADE824000CAA9C /* JustPlayUITests */ = {
			isa = PBXGroup;
			children = (
				59A5D01F27ADE824000CAA9C /* JustPlayUITests.swift */,
				59A5D02127ADE824000CAA9C /* JustPlayUITestsLaunchTests.swift */,
			);
			path = JustPlayUITests;
			sourceTree = "<group>";
		};
/* End PBXGroup section */

/* Begin PBXNativeTarget section */
		59A5D00027ADE821000CAA9C /* JustPlay */ = {
			isa = PBXNativeTarget;
			buildConfigurationList = 59A5D02527ADE824000CAA9C /* Build configuration list for PBXNativeTarget "JustPlay" */;
			buildPhases = (
				59A5CFFD27ADE821000CAA9C /* Sources */,
				59A5CFFE27ADE821000CAA9C /* Frameworks */,
				59A5CFFF27ADE821000CAA9C /* Resources */,
			);
			buildRules = (
			);
			dependencies = (
			);
			name = JustPlay;
			productName = JustPlay;
			productReference = 59A5D00127ADE821000CAA9C /* JustPlay.app */;
			productType = "com.apple.product-type.application";
		};
		59A5D01027ADE824000CAA9C /* JustPlayTests */ = {
			isa = PBXNativeTarget;
			buildConfigurationList = 59A5D02827ADE824000CAA9C /* Build configuration list for PBXNativeTarget "JustPlayTests" */;
			buildPhases = (
				59A5D00D27ADE824000CAA9C /* Sources */,
				59A5D00E27ADE824000CAA9C /* Frameworks */,
				59A5D00F27ADE824000CAA9C /* Resources */,
			);
			buildRules = (
			);
			dependencies = (
				59A5D01327ADE824000CAA9C /* PBXTargetDependency */,
			);
			name = JustPlayTests;
			productName = JustPlayTests;
			productReference = 59A5D01127ADE824000CAA9C /* JustPlayTests.xctest */;
			productType = "com.apple.product-type.bundle.unit-test";
		};
		59A5D01A27ADE824000CAA9C /* JustPlayUITests */ = {
			isa = PBXNativeTarget;
			buildConfigurationList = 59A5D02B27ADE824000CAA9C /* Build configuration list for PBXNativeTarget "JustPlayUITests" */;
			buildPhases = (
				59A5D01727ADE824000CAA9C /* Sources */,
				59A5D01827ADE824000CAA9C /* Frameworks */,
				59A5D01927ADE824000CAA9C /* Resources */,
			);
			buildRules = (
			);
			dependencies = (
				59A5D01D27ADE824000CAA9C /* PBXTargetDependency */,
			);
			name = JustPlayUITests;
			productName = JustPlayUITests;
			productReference = 59A5D01B27ADE824000CAA9C /* JustPlayUITests.xctest */;
			productType = "com.apple.product-type.bundle.ui-testing";
		};
/* End PBXNativeTarget section */

/* Begin PBXProject section */
		59A5CFF927ADE821000CAA9C /* Project object */ = {
			isa = PBXProject;
			attributes = {
				BuildIndependentTargetsInParallel = 1;
				LastSwiftUpdateCheck = 1320;
				LastUpgradeCheck = 1320;
				TargetAttributes = {
					59A5D00027ADE821000CAA9C = {
						CreatedOnToolsVersion = 13.2.1;
					};
					59A5D01027ADE824000CAA9C = {
						CreatedOnToolsVersion = 13.2.1;
						TestTargetID = 59A5D00027ADE821000CAA9C;
					};
					59A5D01A27ADE824000CAA9C = {
						CreatedOnToolsVersion = 13.2.1;
						TestTargetID = 59A5D00027ADE821000CAA9C;
					};
				};
			};
			buildConfigurationList = 59A5CFFC27ADE821000CAA9C /* Build configuration list for PBXProject "JustPlay" */;
			compatibilityVersion = "Xcode 13.0";
			developmentRegion = en;
			hasScannedForEncodings = 0;
			knownRegions = (
				en,
				Base,
			);
			mainGroup = 59A5CFF827ADE821000CAA9C;
			productRefGroup = 59A5D00227ADE821000CAA9C /* Products */;
			projectDirPath = "";
			projectRoot = "";
			targets = (
				59A5D00027ADE821000CAA9C /* JustPlay */,
				59A5D01027ADE824000CAA9C /* JustPlayTests */,
				59A5D01A27ADE824000CAA9C /* JustPlayUITests */,
			);
		};
/* End PBXProject section */

/* Begin PBXResourcesBuildPhase section */
		59A5CFFF27ADE821000CAA9C /* Resources */ = {
			isa = PBXResourcesBuildPhase;
			buildActionMask = 2147483647;
			files = (
				59A5D00C27ADE824000CAA9C /* Preview Assets.xcassets in Resources */,
				59A5D00927ADE824000CAA9C /* Assets.xcassets in Resources */,
			);
			runOnlyForDeploymentPostprocessing = 0;
		};
		59A5D00F27ADE824000CAA9C /* Resources */ = {
			isa = PBXResourcesBuildPhase;
			buildActionMask = 2147483647;
			files = (
			);
			runOnlyForDeploymentPostprocessing = 0;
		};
		59A5D01927ADE824000CAA9C /* Resources */ = {
			isa = PBXResourcesBuildPhase;
			buildActionMask = 2147483647;
			files = (
			);
			runOnlyForDeploymentPostprocessing = 0;
		};
/* End PBXResourcesBuildPhase section */

/* Begin PBXSourcesBuildPhase section */
		59A5CFFD27ADE821000CAA9C /* Sources */ = {
			isa = PBXSourcesBuildPhase;
			buildActionMask = 2147483647;
			files = (
				59A5D00727ADE821000CAA9C /* ContentView.swift in Sources */,
				59A5D00527ADE821000CAA9C /* JustPlayApp.swift in Sources */,
			);
			runOnlyForDeploymentPostprocessing = 0;
		};
		59A5D00D27ADE824000CAA9C /* Sources */ = {
			isa = PBXSourcesBuildPhase;
			buildActionMask = 2147483647;
			files = (
				59A5D01627ADE824000CAA9C /* JustPlayTests.swift in Sources */,
			);
			runOnlyForDeploymentPostprocessing = 0;
		};
		59A5D01727ADE824000CAA9C /* Sources */ = {
			isa = PBXSourcesBuildPhase;
			buildActionMask = 2147483647;
			files = (
				59A5D02227ADE824000CAA9C /* JustPlayUITestsLaunchTests.swift in Sources */,
				59A5D02027ADE824000CAA9C /* JustPlayUITests.swift in Sources */,
			);
			runOnlyForDeploymentPostprocessing = 0;
		};
/* End PBXSourcesBuildPhase section */

/* Begin PBXTargetDependency section */
		59A5D01327ADE824000CAA9C /* PBXTargetDependency */ = {
			isa = PBXTargetDependency;
			target = 59A5D00027ADE821000CAA9C /* JustPlay */;
			targetProxy = 59A5D01227ADE824000CAA9C /* PBXContainerItemProxy */;
		};
		59A5D01D27ADE824000CAA9C /* PBXTargetDependency */ = {
			isa = PBXTargetDependency;
			target = 59A5D00027ADE821000CAA9C /* JustPlay */;
			targetProxy = 59A5D01C27ADE824000CAA9C /* PBXContainerItemProxy */;
		};
/* End PBXTargetDependency section */

/* Begin XCBuildConfiguration section */
		59A5D02327ADE824000CAA9C /* Debug */ = {
			isa = XCBuildConfiguration;
			buildSettings = {
				ALWAYS_SEARCH_USER_PATHS = NO;
				CLANG_ANALYZER_NONNULL = YES;
				CLANG_ANALYZER_NUMBER_OBJECT_CONVERSION = YES_AGGRESSIVE;
				CLANG_CXX_LANGUAGE_STANDARD = "gnu++17";
				CLANG_CXX_LIBRARY = "libc++";
				CLANG_ENABLE_MODULES = YES;
				CLANG_ENABLE_OBJC_ARC = YES;
				CLANG_ENABLE_OBJC_WEAK = YES;
				CLANG_WARN_BLOCK_CAPTURE_AUTORELEASING = YES;
				CLANG_WARN_BOOL_CONVERSION = YES;
				CLANG_WARN_COMMA = YES;
				CLANG_WARN_CONSTANT_CONVERSION = YES;
				CLANG_WARN_DEPRECATED_OBJC_IMPLEMENTATIONS = YES;
				CLANG_WARN_DIRECT_OBJC_ISA_USAGE = YES_ERROR;
				CLANG_WARN_DOCUMENTATION_COMMENTS = YES;
				CLANG_WARN_EMPTY_BODY = YES;
				CLANG_WARN_ENUM_CONVERSION = YES;
				CLANG_WARN_INFINITE_RECURSION = YES;
				CLANG_WARN_INT_CONVERSION = YES;
				CLANG_WARN_NON_LITERAL_NULL_CONVERSION = YES;
				CLANG_WARN_OBJC_IMPLICIT_RETAIN_SELF = YES;
				CLANG_WARN_OBJC_LITERAL_CONVERSION = YES;
				CLANG_WARN_OBJC_ROOT_CLASS = YES_ERROR;
				CLANG_WARN_QUOTED_INCLUDE_IN_FRAMEWORK_HEADER = YES;
				CLANG_WARN_RANGE_LOOP_ANALYSIS = YES;
				CLANG_WARN_STRICT_PROTOTYPES = YES;
				CLANG_WARN_SUSPICIOUS_MOVE = YES;
				CLANG_WARN_UNGUARDED_AVAILABILITY = YES_AGGRESSIVE;
				CLANG_WARN_UNREACHABLE_CODE = YES;
				CLANG_WARN__DUPLICATE_METHOD_MATCH = YES;
				COPY_PHASE_STRIP = NO;
				DEBUG_INFORMATION_FORMAT = dwarf;
				ENABLE_STRICT_OBJC_MSGSEND = YES;
				ENABLE_TESTABILITY = YES;
				GCC_C_LANGUAGE_STANDARD = gnu11;
				GCC_DYNAMIC_NO_PIC = NO;
				GCC_NO_COMMON_BLOCKS = YES;
				GCC_OPTIMIZATION_LEVEL = 0;
				GCC_PREPROCESSOR_DEFINITIONS = (
					"DEBUG=1",
					"$(inherited)",
				);
				GCC_WARN_64_TO_32_BIT_CONVERSION = YES;
				GCC_WARN_ABOUT_RETURN_TYPE = YES_ERROR;
				GCC_WARN_UNDECLARED_SELECTOR = YES;
				GCC_WARN_UNINITIALIZED_AUTOS = YES_AGGRESSIVE;
				GCC_WARN_UNUSED_FUNCTION = YES;
				GCC_WARN_UNUSED_VARIABLE = YES;
				IPHONEOS_DEPLOYMENT_TARGET = 15.2;
				MTL_ENABLE_DEBUG_INFO = INCLUDE_SOURCE;
				MTL_FAST_MATH = YES;
				ONLY_ACTIVE_ARCH = YES;
				SDKROOT = iphoneos;
				SWIFT_ACTIVE_COMPILATION_CONDITIONS = DEBUG;
				SWIFT_OPTIMIZATION_LEVEL = "-Onone";
			};
			name = Debug;
		};
		59A5D02427ADE824000CAA9C /* Release */ = {
			isa = XCBuildConfiguration;
			buildSettings = {
				ALWAYS_SEARCH_USER_PATHS = NO;
				CLANG_ANALYZER_NONNULL = YES;
				CLANG_ANALYZER_NUMBER_OBJECT_CONVERSION = YES_AGGRESSIVE;
				CLANG_CXX_LANGUAGE_STANDARD = "gnu++17";
				CLANG_CXX_LIBRARY = "libc++";
				CLANG_ENABLE_MODULES = YES;
				CLANG_ENABLE_OBJC_ARC = YES;
				CLANG_ENABLE_OBJC_WEAK = YES;
				CLANG_WARN_BLOCK_CAPTURE_AUTORELEASING = YES;
				CLANG_WARN_BOOL_CONVERSION = YES;
				CLANG_WARN_COMMA = YES;
				CLANG_WARN_CONSTANT_CONVERSION = YES;
				CLANG_WARN_DEPRECATED_OBJC_IMPLEMENTATIONS = YES;
				CLANG_WARN_DIRECT_OBJC_ISA_USAGE = YES_ERROR;
				CLANG_WARN_DOCUMENTATION_COMMENTS = YES;
				CLANG_WARN_EMPTY_BODY = YES;
				CLANG_WARN_ENUM_CONVERSION = YES;
				CLANG_WARN_INFINITE_RECURSION = YES;
				CLANG_WARN_INT_CONVERSION = YES;
				CLANG_WARN_NON_LITERAL_NULL_CONVERSION = YES;
				CLANG_WARN_OBJC_IMPLICIT_RETAIN_SELF = YES;
				CLANG_WARN_OBJC_LITERAL_CONVERSION = YES;
				CLANG_WARN_OBJC_ROOT_CLASS = YES_ERROR;
				CLANG_WARN_QUOTED_INCLUDE_IN_FRAMEWORK_HEADER = YES;
				CLANG_WARN_RANGE_LOOP_ANALYSIS = YES;
				CLANG_WARN_STRICT_PROTOTYPES = YES;
				CLANG_WARN_SUSPICIOUS_MOVE = YES;
				CLANG_WARN_UNGUARDED_AVAILABILITY = YES_AGGRESSIVE;
				CLANG_WARN_UNREACHABLE_CODE = YES;
				CLANG_WARN__DUPLICATE_METHOD_MATCH = YES;
				COPY_PHASE_STRIP = NO;
				DEBUG_INFORMATION_FORMAT = "dwarf-with-dsym";
				ENABLE_NS_ASSERTIONS = NO;
				ENABLE_STRICT_OBJC_MSGSEND = YES;
				GCC_C_LANGUAGE_STANDARD = gnu11;
				GCC_NO_COMMON_BLOCKS = YES;
				GCC_WARN_64_TO_32_BIT_CONVERSION = YES;
				GCC_WARN_ABOUT_RETURN_TYPE = YES_ERROR;
				GCC_WARN_UNDECLARED_SELECTOR = YES;
				GCC_WARN_UNINITIALIZED_AUTOS = YES_AGGRESSIVE;
				GCC_WARN_UNUSED_FUNCTION = YES;
				GCC_WARN_UNUSED_VARIABLE = YES;
				IPHONEOS_DEPLOYMENT_TARGET = 15.2;
				MTL_ENABLE_DEBUG_INFO = NO;
				MTL_FAST_MATH = YES;
				SDKROOT = iphoneos;
				SWIFT_COMPILATION_MODE = wholemodule;
				SWIFT_OPTIMIZATION_LEVEL = "-O";
				VALIDATE_PRODUCT = YES;
			};
			name = Release;
		};
		59A5D02627ADE824000CAA9C /* Debug */ = {
			isa = XCBuildConfiguration;
			buildSettings = {
				ASSETCATALOG_COMPILER_APPICON_NAME = AppIcon;
				ASSETCATALOG_COMPILER_GLOBAL_ACCENT_COLOR_NAME = AccentColor;
				CODE_SIGN_STYLE = Automatic;
				CURRENT_PROJECT_VERSION = 1;
				DEVELOPMENT_ASSET_PATHS = "\"JustPlay/Preview Content\"";
				ENABLE_PREVIEWS = YES;
				GENERATE_INFOPLIST_FILE = YES;
				INFOPLIST_KEY_UIApplicationSceneManifest_Generation = YES;
				INFOPLIST_KEY_UIApplicationSupportsIndirectInputEvents = YES;
				INFOPLIST_KEY_UILaunchScreen_Generation = YES;
				INFOPLIST_KEY_UISupportedInterfaceOrientations_iPad = "UIInterfaceOrientationPortrait UIInterfaceOrientationPortraitUpsideDown UIInterfaceOrientationLandscapeLeft UIInterfaceOrientationLandscapeRight";
				INFOPLIST_KEY_UISupportedInterfaceOrientations_iPhone = "UIInterfaceOrientationPortrait UIInterfaceOrientationLandscapeLeft UIInterfaceOrientationLandscapeRight";
				LD_RUNPATH_SEARCH_PATHS = (
					"$(inherited)",
					"@executable_path/Frameworks",
				);
				MARKETING_VERSION = 1.0;
				PRODUCT_BUNDLE_IDENTIFIER = com.swift.JustPlay;
				PRODUCT_NAME = "$(TARGET_NAME)";
				SWIFT_EMIT_LOC_STRINGS = YES;
				SWIFT_VERSION = 5.0;
				TARGETED_DEVICE_FAMILY = "1,2";
			};
			name = Debug;
		};
		59A5D02727ADE824000CAA9C /* Release */ = {
			isa = XCBuildConfiguration;
			buildSettings = {
				ASSETCATALOG_COMPILER_APPICON_NAME = AppIcon;
				ASSETCATALOG_COMPILER_GLOBAL_ACCENT_COLOR_NAME = AccentColor;
				CODE_SIGN_STYLE = Automatic;
				CURRENT_PROJECT_VERSION = 1;
				DEVELOPMENT_ASSET_PATHS = "\"JustPlay/Preview Content\"";
				ENABLE_PREVIEWS = YES;
				GENERATE_INFOPLIST_FILE = YES;
				INFOPLIST_KEY_UIApplicationSceneManifest_Generation = YES;
				INFOPLIST_KEY_UIApplicationSupportsIndirectInputEvents = YES;
				INFOPLIST_KEY_UILaunchScreen_Generation = YES;
				INFOPLIST_KEY_UISupportedInterfaceOrientations_iPad = "UIInterfaceOrientationPortrait UIInterfaceOrientationPortraitUpsideDown UIInterfaceOrientationLandscapeLeft UIInterfaceOrientationLandscapeRight";
				INFOPLIST_KEY_UISupportedInterfaceOrientations_iPhone = "UIInterfaceOrientationPortrait UIInterfaceOrientationLandscapeLeft UIInterfaceOrientationLandscapeRight";
				LD_RUNPATH_SEARCH_PATHS = (
					"$(inherited)",
					"@executable_path/Frameworks",
				);
				MARKETING_VERSION = 1.0;
				PRODUCT_BUNDLE_IDENTIFIER = com.swift.JustPlay;
				PRODUCT_NAME = "$(TARGET_NAME)";
				SWIFT_EMIT_LOC_STRINGS = YES;
				SWIFT_VERSION = 5.0;
				TARGETED_DEVICE_FAMILY = "1,2";
			};
			name = Release;
		};
		59A5D02927ADE824000CAA9C /* Debug */ = {
			isa = XCBuildConfiguration;
			buildSettings = {
				ALWAYS_EMBED_SWIFT_STANDARD_LIBRARIES = YES;
				BUNDLE_LOADER = "$(TEST_HOST)";
				CODE_SIGN_STYLE = Automatic;
				CURRENT_PROJECT_VERSION = 1;
				GENERATE_INFOPLIST_FILE = YES;
				IPHONEOS_DEPLOYMENT_TARGET = 15.2;
				MARKETING_VERSION = 1.0;
				PRODUCT_BUNDLE_IDENTIFIER = com.swift.JustPlayTests;
				PRODUCT_NAME = "$(TARGET_NAME)";
				SWIFT_EMIT_LOC_STRINGS = NO;
				SWIFT_VERSION = 5.0;
				TARGETED_DEVICE_FAMILY = "1,2";
				TEST_HOST = "$(BUILT_PRODUCTS_DIR)/JustPlay.app/JustPlay";
			};
			name = Debug;
		};
		59A5D02A27ADE824000CAA9C /* Release */ = {
			isa = XCBuildConfiguration;
			buildSettings = {
				ALWAYS_EMBED_SWIFT_STANDARD_LIBRARIES = YES;
				BUNDLE_LOADER = "$(TEST_HOST)";
				CODE_SIGN_STYLE = Automatic;
				CURRENT_PROJECT_VERSION = 1;
				GENERATE_INFOPLIST_FILE = YES;
				IPHONEOS_DEPLOYMENT_TARGET = 15.2;
				MARKETING_VERSION = 1.0;
				PRODUCT_BUNDLE_IDENTIFIER = com.swift.JustPlayTests;
				PRODUCT_NAME = "$(TARGET_NAME)";
				SWIFT_EMIT_LOC_STRINGS = NO;
				SWIFT_VERSION = 5.0;
				TARGETED_DEVICE_FAMILY = "1,2";
				TEST_HOST = "$(BUILT_PRODUCTS_DIR)/JustPlay.app/JustPlay";
			};
			name = Release;
		};
		59A5D02C27ADE824000CAA9C /* Debug */ = {
			isa = XCBuildConfiguration;
			buildSettings = {
				ALWAYS_EMBED_SWIFT_STANDARD_LIBRARIES = YES;
				CODE_SIGN_STYLE = Automatic;
				CURRENT_PROJECT_VERSION = 1;
				GENERATE_INFOPLIST_FILE = YES;
				MARKETING_VERSION = 1.0;
				PRODUCT_BUNDLE_IDENTIFIER = com.swift.JustPlayUITests;
				PRODUCT_NAME = "$(TARGET_NAME)";
				SWIFT_EMIT_LOC_STRINGS = NO;
				SWIFT_VERSION = 5.0;
				TARGETED_DEVICE_FAMILY = "1,2";
				TEST_TARGET_NAME = JustPlay;
			};
			name = Debug;
		};
		59A5D02D27ADE824000CAA9C /* Release */ = {
			isa = XCBuildConfiguration;
			buildSettings = {
				ALWAYS_EMBED_SWIFT_STANDARD_LIBRARIES = YES;
				CODE_SIGN_STYLE = Automatic;
				CURRENT_PROJECT_VERSION = 1;
				GENERATE_INFOPLIST_FILE = YES;
				MARKETING_VERSION = 1.0;
				PRODUCT_BUNDLE_IDENTIFIER = com.swift.JustPlayUITests;
				PRODUCT_NAME = "$(TARGET_NAME)";
				SWIFT_EMIT_LOC_STRINGS = NO;
				SWIFT_VERSION = 5.0;
				TARGETED_DEVICE_FAMILY = "1,2";
				TEST_TARGET_NAME = JustPlay;
			};
			name = Release;
		};
/* End XCBuildConfiguration section */

/* Begin XCConfigurationList section */
		59A5CFFC27ADE821000CAA9C /* Build configuration list for PBXProject "JustPlay" */ = {
			isa = XCConfigurationList;
			buildConfigurations = (
				59A5D02327ADE824000CAA9C /* Debug */,
				59A5D02427ADE824000CAA9C /* Release */,
			);
			defaultConfigurationIsVisible = 0;
			defaultConfigurationName = Release;
		};
		59A5D02527ADE824000CAA9C /* Build configuration list for PBXNativeTarget "JustPlay" */ = {
			isa = XCConfigurationList;
			buildConfigurations = (
				59A5D02627ADE824000CAA9C /* Debug */,
				59A5D02727ADE824000CAA9C /* Release */,
			);
			defaultConfigurationIsVisible = 0;
			defaultConfigurationName = Release;
		};
		59A5D02827ADE824000CAA9C /* Build configuration list for PBXNativeTarget "JustPlayTests" */ = {
			isa = XCConfigurationList;
			buildConfigurations = (
				59A5D02927ADE824000CAA9C /* Debug */,
				59A5D02A27ADE824000CAA9C /* Release */,
			);
			defaultConfigurationIsVisible = 0;
			defaultConfigurationName = Release;
		};
		59A5D02B27ADE824000CAA9C /* Build configuration list for PBXNativeTarget "JustPlayUITests" */ = {
			isa = XCConfigurationList;
			buildConfigurations = (
				59A5D02C27ADE824000CAA9C /* Debug */,
				59A5D02D27ADE824000CAA9C /* Release */,
			);
			defaultConfigurationIsVisible = 0;
			defaultConfigurationName = Release;
		};
/* End XCConfigurationList section */
	};
	rootObject = 59A5CFF927ADE821000CAA9C /* Project object */;
}
