// !$*UTF8*$!
{
	archiveVersion = 1;
	classes = {
	};
	objectVersion = 55;
	objects = {

/* Begin PBXBuildFile section */
		5948BC5827BEF2BC0063E8B8 /* PokedexApp.swift in Sources */ = {isa = PBXBuildFile; fileRef = 5948BC5727BEF2BC0063E8B8 /* PokedexApp.swift */; };
		5948BC5A27BEF2BC0063E8B8 /* ContentView.swift in Sources */ = {isa = PBXBuildFile; fileRef = 5948BC5927BEF2BC0063E8B8 /* ContentView.swift */; };
		5948BC5C27BEF2BE0063E8B8 /* Assets.xcassets in Resources */ = {isa = PBXBuildFile; fileRef = 5948BC5B27BEF2BE0063E8B8 /* Assets.xcassets */; };
		5948BC5F27BEF2BE0063E8B8 /* Preview Assets.xcassets in Resources */ = {isa = PBXBuildFile; fileRef = 5948BC5E27BEF2BE0063E8B8 /* Preview Assets.xcassets */; };
		5948BC6927BEF2BE0063E8B8 /* PokedexTests.swift in Sources */ = {isa = PBXBuildFile; fileRef = 5948BC6827BEF2BE0063E8B8 /* PokedexTests.swift */; };
		5948BC7327BEF2BE0063E8B8 /* PokedexUITests.swift in Sources */ = {isa = PBXBuildFile; fileRef = 5948BC7227BEF2BE0063E8B8 /* PokedexUITests.swift */; };
		5948BC7527BEF2BE0063E8B8 /* PokedexUITestsLaunchTests.swift in Sources */ = {isa = PBXBuildFile; fileRef = 5948BC7427BEF2BE0063E8B8 /* PokedexUITestsLaunchTests.swift */; };
		5948BC8227BEF3280063E8B8 /* Pokemons.swift in Sources */ = {isa = PBXBuildFile; fileRef = 5948BC8127BEF3280063E8B8 /* Pokemons.swift */; };
		59879C4E27C007800081E529 /* PokemonDetail.swift in Sources */ = {isa = PBXBuildFile; fileRef = 59879C4D27C007800081E529 /* PokemonDetail.swift */; };
/* End PBXBuildFile section */

/* Begin PBXContainerItemProxy section */
		5948BC6527BEF2BE0063E8B8 /* PBXContainerItemProxy */ = {
			isa = PBXContainerItemProxy;
			containerPortal = 5948BC4C27BEF2BC0063E8B8 /* Project object */;
			proxyType = 1;
			remoteGlobalIDString = 5948BC5327BEF2BC0063E8B8;
			remoteInfo = Pokedex;
		};
		5948BC6F27BEF2BE0063E8B8 /* PBXContainerItemProxy */ = {
			isa = PBXContainerItemProxy;
			containerPortal = 5948BC4C27BEF2BC0063E8B8 /* Project object */;
			proxyType = 1;
			remoteGlobalIDString = 5948BC5327BEF2BC0063E8B8;
			remoteInfo = Pokedex;
		};
/* End PBXContainerItemProxy section */

/* Begin PBXFileReference section */
		5948BC5427BEF2BC0063E8B8 /* Pokedex.app */ = {isa = PBXFileReference; explicitFileType = wrapper.application; includeInIndex = 0; path = Pokedex.app; sourceTree = BUILT_PRODUCTS_DIR; };
		5948BC5727BEF2BC0063E8B8 /* PokedexApp.swift */ = {isa = PBXFileReference; lastKnownFileType = sourcecode.swift; path = PokedexApp.swift; sourceTree = "<group>"; };
		5948BC5927BEF2BC0063E8B8 /* ContentView.swift */ = {isa = PBXFileReference; lastKnownFileType = sourcecode.swift; path = ContentView.swift; sourceTree = "<group>"; };
		5948BC5B27BEF2BE0063E8B8 /* Assets.xcassets */ = {isa = PBXFileReference; lastKnownFileType = folder.assetcatalog; path = Assets.xcassets; sourceTree = "<group>"; };
		5948BC5E27BEF2BE0063E8B8 /* Preview Assets.xcassets */ = {isa = PBXFileReference; lastKnownFileType = folder.assetcatalog; path = "Preview Assets.xcassets"; sourceTree = "<group>"; };
		5948BC6427BEF2BE0063E8B8 /* PokedexTests.xctest */ = {isa = PBXFileReference; explicitFileType = wrapper.cfbundle; includeInIndex = 0; path = PokedexTests.xctest; sourceTree = BUILT_PRODUCTS_DIR; };
		5948BC6827BEF2BE0063E8B8 /* PokedexTests.swift */ = {isa = PBXFileReference; lastKnownFileType = sourcecode.swift; path = PokedexTests.swift; sourceTree = "<group>"; };
		5948BC6E27BEF2BE0063E8B8 /* PokedexUITests.xctest */ = {isa = PBXFileReference; explicitFileType = wrapper.cfbundle; includeInIndex = 0; path = PokedexUITests.xctest; sourceTree = BUILT_PRODUCTS_DIR; };
		5948BC7227BEF2BE0063E8B8 /* PokedexUITests.swift */ = {isa = PBXFileReference; lastKnownFileType = sourcecode.swift; path = PokedexUITests.swift; sourceTree = "<group>"; };
		5948BC7427BEF2BE0063E8B8 /* PokedexUITestsLaunchTests.swift */ = {isa = PBXFileReference; lastKnownFileType = sourcecode.swift; path = PokedexUITestsLaunchTests.swift; sourceTree = "<group>"; };
		5948BC8127BEF3280063E8B8 /* Pokemons.swift */ = {isa = PBXFileReference; lastKnownFileType = sourcecode.swift; path = Pokemons.swift; sourceTree = "<group>"; };
		59879C4D27C007800081E529 /* PokemonDetail.swift */ = {isa = PBXFileReference; lastKnownFileType = sourcecode.swift; path = PokemonDetail.swift; sourceTree = "<group>"; };
/* End PBXFileReference section */

/* Begin PBXFrameworksBuildPhase section */
		5948BC5127BEF2BC0063E8B8 /* Frameworks */ = {
			isa = PBXFrameworksBuildPhase;
			buildActionMask = 2147483647;
			files = (
			);
			runOnlyForDeploymentPostprocessing = 0;
		};
		5948BC6127BEF2BE0063E8B8 /* Frameworks */ = {
			isa = PBXFrameworksBuildPhase;
			buildActionMask = 2147483647;
			files = (
			);
			runOnlyForDeploymentPostprocessing = 0;
		};
		5948BC6B27BEF2BE0063E8B8 /* Frameworks */ = {
			isa = PBXFrameworksBuildPhase;
			buildActionMask = 2147483647;
			files = (
			);
			runOnlyForDeploymentPostprocessing = 0;
		};
/* End PBXFrameworksBuildPhase section */

/* Begin PBXGroup section */
		5948BC4B27BEF2BC0063E8B8 = {
			isa = PBXGroup;
			children = (
				5948BC5627BEF2BC0063E8B8 /* Pokedex */,
				5948BC6727BEF2BE0063E8B8 /* PokedexTests */,
				5948BC7127BEF2BE0063E8B8 /* PokedexUITests */,
				5948BC5527BEF2BC0063E8B8 /* Products */,
			);
			sourceTree = "<group>";
		};
		5948BC5527BEF2BC0063E8B8 /* Products */ = {
			isa = PBXGroup;
			children = (
				5948BC5427BEF2BC0063E8B8 /* Pokedex.app */,
				5948BC6427BEF2BE0063E8B8 /* PokedexTests.xctest */,
				5948BC6E27BEF2BE0063E8B8 /* PokedexUITests.xctest */,
			);
			name = Products;
			sourceTree = "<group>";
		};
		5948BC5627BEF2BC0063E8B8 /* Pokedex */ = {
			isa = PBXGroup;
			children = (
				5948BC5727BEF2BC0063E8B8 /* PokedexApp.swift */,
				5948BC5927BEF2BC0063E8B8 /* ContentView.swift */,
				5948BC5B27BEF2BE0063E8B8 /* Assets.xcassets */,
				5948BC5D27BEF2BE0063E8B8 /* Preview Content */,
				5948BC8127BEF3280063E8B8 /* Pokemons.swift */,
				59879C4D27C007800081E529 /* PokemonDetail.swift */,
			);
			path = Pokedex;
			sourceTree = "<group>";
		};
		5948BC5D27BEF2BE0063E8B8 /* Preview Content */ = {
			isa = PBXGroup;
			children = (
				5948BC5E27BEF2BE0063E8B8 /* Preview Assets.xcassets */,
			);
			path = "Preview Content";
			sourceTree = "<group>";
		};
		5948BC6727BEF2BE0063E8B8 /* PokedexTests */ = {
			isa = PBXGroup;
			children = (
				5948BC6827BEF2BE0063E8B8 /* PokedexTests.swift */,
			);
			path = PokedexTests;
			sourceTree = "<group>";
		};
		5948BC7127BEF2BE0063E8B8 /* PokedexUITests */ = {
			isa = PBXGroup;
			children = (
				5948BC7227BEF2BE0063E8B8 /* PokedexUITests.swift */,
				5948BC7427BEF2BE0063E8B8 /* PokedexUITestsLaunchTests.swift */,
			);
			path = PokedexUITests;
			sourceTree = "<group>";
		};
/* End PBXGroup section */

/* Begin PBXNativeTarget section */
		5948BC5327BEF2BC0063E8B8 /* Pokedex */ = {
			isa = PBXNativeTarget;
			buildConfigurationList = 5948BC7827BEF2BE0063E8B8 /* Build configuration list for PBXNativeTarget "Pokedex" */;
			buildPhases = (
				5948BC5027BEF2BC0063E8B8 /* Sources */,
				5948BC5127BEF2BC0063E8B8 /* Frameworks */,
				5948BC5227BEF2BC0063E8B8 /* Resources */,
			);
			buildRules = (
			);
			dependencies = (
			);
			name = Pokedex;
			productName = Pokedex;
			productReference = 5948BC5427BEF2BC0063E8B8 /* Pokedex.app */;
			productType = "com.apple.product-type.application";
		};
		5948BC6327BEF2BE0063E8B8 /* PokedexTests */ = {
			isa = PBXNativeTarget;
			buildConfigurationList = 5948BC7B27BEF2BE0063E8B8 /* Build configuration list for PBXNativeTarget "PokedexTests" */;
			buildPhases = (
				5948BC6027BEF2BE0063E8B8 /* Sources */,
				5948BC6127BEF2BE0063E8B8 /* Frameworks */,
				5948BC6227BEF2BE0063E8B8 /* Resources */,
			);
			buildRules = (
			);
			dependencies = (
				5948BC6627BEF2BE0063E8B8 /* PBXTargetDependency */,
			);
			name = PokedexTests;
			productName = PokedexTests;
			productReference = 5948BC6427BEF2BE0063E8B8 /* PokedexTests.xctest */;
			productType = "com.apple.product-type.bundle.unit-test";
		};
		5948BC6D27BEF2BE0063E8B8 /* PokedexUITests */ = {
			isa = PBXNativeTarget;
			buildConfigurationList = 5948BC7E27BEF2BE0063E8B8 /* Build configuration list for PBXNativeTarget "PokedexUITests" */;
			buildPhases = (
				5948BC6A27BEF2BE0063E8B8 /* Sources */,
				5948BC6B27BEF2BE0063E8B8 /* Frameworks */,
				5948BC6C27BEF2BE0063E8B8 /* Resources */,
			);
			buildRules = (
			);
			dependencies = (
				5948BC7027BEF2BE0063E8B8 /* PBXTargetDependency */,
			);
			name = PokedexUITests;
			productName = PokedexUITests;
			productReference = 5948BC6E27BEF2BE0063E8B8 /* PokedexUITests.xctest */;
			productType = "com.apple.product-type.bundle.ui-testing";
		};
/* End PBXNativeTarget section */

/* Begin PBXProject section */
		5948BC4C27BEF2BC0063E8B8 /* Project object */ = {
			isa = PBXProject;
			attributes = {
				BuildIndependentTargetsInParallel = 1;
				LastSwiftUpdateCheck = 1320;
				LastUpgradeCheck = 1320;
				TargetAttributes = {
					5948BC5327BEF2BC0063E8B8 = {
						CreatedOnToolsVersion = 13.2.1;
					};
					5948BC6327BEF2BE0063E8B8 = {
						CreatedOnToolsVersion = 13.2.1;
						TestTargetID = 5948BC5327BEF2BC0063E8B8;
					};
					5948BC6D27BEF2BE0063E8B8 = {
						CreatedOnToolsVersion = 13.2.1;
						TestTargetID = 5948BC5327BEF2BC0063E8B8;
					};
				};
			};
			buildConfigurationList = 5948BC4F27BEF2BC0063E8B8 /* Build configuration list for PBXProject "Pokedex" */;
			compatibilityVersion = "Xcode 13.0";
			developmentRegion = en;
			hasScannedForEncodings = 0;
			knownRegions = (
				en,
				Base,
			);
			mainGroup = 5948BC4B27BEF2BC0063E8B8;
			productRefGroup = 5948BC5527BEF2BC0063E8B8 /* Products */;
			projectDirPath = "";
			projectRoot = "";
			targets = (
				5948BC5327BEF2BC0063E8B8 /* Pokedex */,
				5948BC6327BEF2BE0063E8B8 /* PokedexTests */,
				5948BC6D27BEF2BE0063E8B8 /* PokedexUITests */,
			);
		};
/* End PBXProject section */

/* Begin PBXResourcesBuildPhase section */
		5948BC5227BEF2BC0063E8B8 /* Resources */ = {
			isa = PBXResourcesBuildPhase;
			buildActionMask = 2147483647;
			files = (
				5948BC5F27BEF2BE0063E8B8 /* Preview Assets.xcassets in Resources */,
				5948BC5C27BEF2BE0063E8B8 /* Assets.xcassets in Resources */,
			);
			runOnlyForDeploymentPostprocessing = 0;
		};
		5948BC6227BEF2BE0063E8B8 /* Resources */ = {
			isa = PBXResourcesBuildPhase;
			buildActionMask = 2147483647;
			files = (
			);
			runOnlyForDeploymentPostprocessing = 0;
		};
		5948BC6C27BEF2BE0063E8B8 /* Resources */ = {
			isa = PBXResourcesBuildPhase;
			buildActionMask = 2147483647;
			files = (
			);
			runOnlyForDeploymentPostprocessing = 0;
		};
/* End PBXResourcesBuildPhase section */

/* Begin PBXSourcesBuildPhase section */
		5948BC5027BEF2BC0063E8B8 /* Sources */ = {
			isa = PBXSourcesBuildPhase;
			buildActionMask = 2147483647;
			files = (
				5948BC5A27BEF2BC0063E8B8 /* ContentView.swift in Sources */,
				5948BC8227BEF3280063E8B8 /* Pokemons.swift in Sources */,
				59879C4E27C007800081E529 /* PokemonDetail.swift in Sources */,
				5948BC5827BEF2BC0063E8B8 /* PokedexApp.swift in Sources */,
			);
			runOnlyForDeploymentPostprocessing = 0;
		};
		5948BC6027BEF2BE0063E8B8 /* Sources */ = {
			isa = PBXSourcesBuildPhase;
			buildActionMask = 2147483647;
			files = (
				5948BC6927BEF2BE0063E8B8 /* PokedexTests.swift in Sources */,
			);
			runOnlyForDeploymentPostprocessing = 0;
		};
		5948BC6A27BEF2BE0063E8B8 /* Sources */ = {
			isa = PBXSourcesBuildPhase;
			buildActionMask = 2147483647;
			files = (
				5948BC7327BEF2BE0063E8B8 /* PokedexUITests.swift in Sources */,
				5948BC7527BEF2BE0063E8B8 /* PokedexUITestsLaunchTests.swift in Sources */,
			);
			runOnlyForDeploymentPostprocessing = 0;
		};
/* End PBXSourcesBuildPhase section */

/* Begin PBXTargetDependency section */
		5948BC6627BEF2BE0063E8B8 /* PBXTargetDependency */ = {
			isa = PBXTargetDependency;
			target = 5948BC5327BEF2BC0063E8B8 /* Pokedex */;
			targetProxy = 5948BC6527BEF2BE0063E8B8 /* PBXContainerItemProxy */;
		};
		5948BC7027BEF2BE0063E8B8 /* PBXTargetDependency */ = {
			isa = PBXTargetDependency;
			target = 5948BC5327BEF2BC0063E8B8 /* Pokedex */;
			targetProxy = 5948BC6F27BEF2BE0063E8B8 /* PBXContainerItemProxy */;
		};
/* End PBXTargetDependency section */

/* Begin XCBuildConfiguration section */
		5948BC7627BEF2BE0063E8B8 /* Debug */ = {
			isa = XCBuildConfiguration;
			buildSettings = {
				ALWAYS_SEARCH_USER_PATHS = NO;
				CLANG_ANALYZER_NONNULL = YES;
				CLANG_ANALYZER_NUMBER_OBJECT_CONVERSION = YES_AGGRESSIVE;
				CLANG_CXX_LANGUAGE_STANDARD = "gnu++17";
				CLANG_CXX_LIBRARY = "libc++";
				CLANG_ENABLE_MODULES = YES;
				CLANG_ENABLE_OBJC_ARC = YES;
				CLANG_ENABLE_OBJC_WEAK = YES;
				CLANG_WARN_BLOCK_CAPTURE_AUTORELEASING = YES;
				CLANG_WARN_BOOL_CONVERSION = YES;
				CLANG_WARN_COMMA = YES;
				CLANG_WARN_CONSTANT_CONVERSION = YES;
				CLANG_WARN_DEPRECATED_OBJC_IMPLEMENTATIONS = YES;
				CLANG_WARN_DIRECT_OBJC_ISA_USAGE = YES_ERROR;
				CLANG_WARN_DOCUMENTATION_COMMENTS = YES;
				CLANG_WARN_EMPTY_BODY = YES;
				CLANG_WARN_ENUM_CONVERSION = YES;
				CLANG_WARN_INFINITE_RECURSION = YES;
				CLANG_WARN_INT_CONVERSION = YES;
				CLANG_WARN_NON_LITERAL_NULL_CONVERSION = YES;
				CLANG_WARN_OBJC_IMPLICIT_RETAIN_SELF = YES;
				CLANG_WARN_OBJC_LITERAL_CONVERSION = YES;
				CLANG_WARN_OBJC_ROOT_CLASS = YES_ERROR;
				CLANG_WARN_QUOTED_INCLUDE_IN_FRAMEWORK_HEADER = YES;
				CLANG_WARN_RANGE_LOOP_ANALYSIS = YES;
				CLANG_WARN_STRICT_PROTOTYPES = YES;
				CLANG_WARN_SUSPICIOUS_MOVE = YES;
				CLANG_WARN_UNGUARDED_AVAILABILITY = YES_AGGRESSIVE;
				CLANG_WARN_UNREACHABLE_CODE = YES;
				CLANG_WARN__DUPLICATE_METHOD_MATCH = YES;
				COPY_PHASE_STRIP = NO;
				DEBUG_INFORMATION_FORMAT = dwarf;
				ENABLE_STRICT_OBJC_MSGSEND = YES;
				ENABLE_TESTABILITY = YES;
				GCC_C_LANGUAGE_STANDARD = gnu11;
				GCC_DYNAMIC_NO_PIC = NO;
				GCC_NO_COMMON_BLOCKS = YES;
				GCC_OPTIMIZATION_LEVEL = 0;
				GCC_PREPROCESSOR_DEFINITIONS = (
					"DEBUG=1",
					"$(inherited)",
				);
				GCC_WARN_64_TO_32_BIT_CONVERSION = YES;
				GCC_WARN_ABOUT_RETURN_TYPE = YES_ERROR;
				GCC_WARN_UNDECLARED_SELECTOR = YES;
				GCC_WARN_UNINITIALIZED_AUTOS = YES_AGGRESSIVE;
				GCC_WARN_UNUSED_FUNCTION = YES;
				GCC_WARN_UNUSED_VARIABLE = YES;
				IPHONEOS_DEPLOYMENT_TARGET = 15.2;
				MTL_ENABLE_DEBUG_INFO = INCLUDE_SOURCE;
				MTL_FAST_MATH = YES;
				ONLY_ACTIVE_ARCH = YES;
				SDKROOT = iphoneos;
				SWIFT_ACTIVE_COMPILATION_CONDITIONS = DEBUG;
				SWIFT_OPTIMIZATION_LEVEL = "-Onone";
			};
			name = Debug;
		};
		5948BC7727BEF2BE0063E8B8 /* Release */ = {
			isa = XCBuildConfiguration;
			buildSettings = {
				ALWAYS_SEARCH_USER_PATHS = NO;
				CLANG_ANALYZER_NONNULL = YES;
				CLANG_ANALYZER_NUMBER_OBJECT_CONVERSION = YES_AGGRESSIVE;
				CLANG_CXX_LANGUAGE_STANDARD = "gnu++17";
				CLANG_CXX_LIBRARY = "libc++";
				CLANG_ENABLE_MODULES = YES;
				CLANG_ENABLE_OBJC_ARC = YES;
				CLANG_ENABLE_OBJC_WEAK = YES;
				CLANG_WARN_BLOCK_CAPTURE_AUTORELEASING = YES;
				CLANG_WARN_BOOL_CONVERSION = YES;
				CLANG_WARN_COMMA = YES;
				CLANG_WARN_CONSTANT_CONVERSION = YES;
				CLANG_WARN_DEPRECATED_OBJC_IMPLEMENTATIONS = YES;
				CLANG_WARN_DIRECT_OBJC_ISA_USAGE = YES_ERROR;
				CLANG_WARN_DOCUMENTATION_COMMENTS = YES;
				CLANG_WARN_EMPTY_BODY = YES;
				CLANG_WARN_ENUM_CONVERSION = YES;
				CLANG_WARN_INFINITE_RECURSION = YES;
				CLANG_WARN_INT_CONVERSION = YES;
				CLANG_WARN_NON_LITERAL_NULL_CONVERSION = YES;
				CLANG_WARN_OBJC_IMPLICIT_RETAIN_SELF = YES;
				CLANG_WARN_OBJC_LITERAL_CONVERSION = YES;
				CLANG_WARN_OBJC_ROOT_CLASS = YES_ERROR;
				CLANG_WARN_QUOTED_INCLUDE_IN_FRAMEWORK_HEADER = YES;
				CLANG_WARN_RANGE_LOOP_ANALYSIS = YES;
				CLANG_WARN_STRICT_PROTOTYPES = YES;
				CLANG_WARN_SUSPICIOUS_MOVE = YES;
				CLANG_WARN_UNGUARDED_AVAILABILITY = YES_AGGRESSIVE;
				CLANG_WARN_UNREACHABLE_CODE = YES;
				CLANG_WARN__DUPLICATE_METHOD_MATCH = YES;
				COPY_PHASE_STRIP = NO;
				DEBUG_INFORMATION_FORMAT = "dwarf-with-dsym";
				ENABLE_NS_ASSERTIONS = NO;
				ENABLE_STRICT_OBJC_MSGSEND = YES;
				GCC_C_LANGUAGE_STANDARD = gnu11;
				GCC_NO_COMMON_BLOCKS = YES;
				GCC_WARN_64_TO_32_BIT_CONVERSION = YES;
				GCC_WARN_ABOUT_RETURN_TYPE = YES_ERROR;
				GCC_WARN_UNDECLARED_SELECTOR = YES;
				GCC_WARN_UNINITIALIZED_AUTOS = YES_AGGRESSIVE;
				GCC_WARN_UNUSED_FUNCTION = YES;
				GCC_WARN_UNUSED_VARIABLE = YES;
				IPHONEOS_DEPLOYMENT_TARGET = 15.2;
				MTL_ENABLE_DEBUG_INFO = NO;
				MTL_FAST_MATH = YES;
				SDKROOT = iphoneos;
				SWIFT_COMPILATION_MODE = wholemodule;
				SWIFT_OPTIMIZATION_LEVEL = "-O";
				VALIDATE_PRODUCT = YES;
			};
			name = Release;
		};
		5948BC7927BEF2BE0063E8B8 /* Debug */ = {
			isa = XCBuildConfiguration;
			buildSettings = {
				ASSETCATALOG_COMPILER_APPICON_NAME = AppIcon;
				ASSETCATALOG_COMPILER_GLOBAL_ACCENT_COLOR_NAME = AccentColor;
				CODE_SIGN_STYLE = Automatic;
				CURRENT_PROJECT_VERSION = 1;
				DEVELOPMENT_ASSET_PATHS = "\"Pokedex/Preview Content\"";
				ENABLE_PREVIEWS = YES;
				GENERATE_INFOPLIST_FILE = YES;
				INFOPLIST_KEY_UIApplicationSceneManifest_Generation = YES;
				INFOPLIST_KEY_UIApplicationSupportsIndirectInputEvents = YES;
				INFOPLIST_KEY_UILaunchScreen_Generation = YES;
				INFOPLIST_KEY_UISupportedInterfaceOrientations_iPad = "UIInterfaceOrientationPortrait UIInterfaceOrientationPortraitUpsideDown UIInterfaceOrientationLandscapeLeft UIInterfaceOrientationLandscapeRight";
				INFOPLIST_KEY_UISupportedInterfaceOrientations_iPhone = "UIInterfaceOrientationPortrait UIInterfaceOrientationLandscapeLeft UIInterfaceOrientationLandscapeRight";
				LD_RUNPATH_SEARCH_PATHS = (
					"$(inherited)",
					"@executable_path/Frameworks",
				);
				MARKETING_VERSION = 1.0;
				PRODUCT_BUNDLE_IDENTIFIER = com.swift.Pokedex;
				PRODUCT_NAME = "$(TARGET_NAME)";
				SWIFT_EMIT_LOC_STRINGS = YES;
				SWIFT_VERSION = 5.0;
				TARGETED_DEVICE_FAMILY = "1,2";
			};
			name = Debug;
		};
		5948BC7A27BEF2BE0063E8B8 /* Release */ = {
			isa = XCBuildConfiguration;
			buildSettings = {
				ASSETCATALOG_COMPILER_APPICON_NAME = AppIcon;
				ASSETCATALOG_COMPILER_GLOBAL_ACCENT_COLOR_NAME = AccentColor;
				CODE_SIGN_STYLE = Automatic;
				CURRENT_PROJECT_VERSION = 1;
				DEVELOPMENT_ASSET_PATHS = "\"Pokedex/Preview Content\"";
				ENABLE_PREVIEWS = YES;
				GENERATE_INFOPLIST_FILE = YES;
				INFOPLIST_KEY_UIApplicationSceneManifest_Generation = YES;
				INFOPLIST_KEY_UIApplicationSupportsIndirectInputEvents = YES;
				INFOPLIST_KEY_UILaunchScreen_Generation = YES;
				INFOPLIST_KEY_UISupportedInterfaceOrientations_iPad = "UIInterfaceOrientationPortrait UIInterfaceOrientationPortraitUpsideDown UIInterfaceOrientationLandscapeLeft UIInterfaceOrientationLandscapeRight";
				INFOPLIST_KEY_UISupportedInterfaceOrientations_iPhone = "UIInterfaceOrientationPortrait UIInterfaceOrientationLandscapeLeft UIInterfaceOrientationLandscapeRight";
				LD_RUNPATH_SEARCH_PATHS = (
					"$(inherited)",
					"@executable_path/Frameworks",
				);
				MARKETING_VERSION = 1.0;
				PRODUCT_BUNDLE_IDENTIFIER = com.swift.Pokedex;
				PRODUCT_NAME = "$(TARGET_NAME)";
				SWIFT_EMIT_LOC_STRINGS = YES;
				SWIFT_VERSION = 5.0;
				TARGETED_DEVICE_FAMILY = "1,2";
			};
			name = Release;
		};
		5948BC7C27BEF2BE0063E8B8 /* Debug */ = {
			isa = XCBuildConfiguration;
			buildSettings = {
				ALWAYS_EMBED_SWIFT_STANDARD_LIBRARIES = YES;
				BUNDLE_LOADER = "$(TEST_HOST)";
				CODE_SIGN_STYLE = Automatic;
				CURRENT_PROJECT_VERSION = 1;
				GENERATE_INFOPLIST_FILE = YES;
				IPHONEOS_DEPLOYMENT_TARGET = 15.2;
				MARKETING_VERSION = 1.0;
				PRODUCT_BUNDLE_IDENTIFIER = com.swift.PokedexTests;
				PRODUCT_NAME = "$(TARGET_NAME)";
				SWIFT_EMIT_LOC_STRINGS = NO;
				SWIFT_VERSION = 5.0;
				TARGETED_DEVICE_FAMILY = "1,2";
				TEST_HOST = "$(BUILT_PRODUCTS_DIR)/Pokedex.app/Pokedex";
			};
			name = Debug;
		};
		5948BC7D27BEF2BE0063E8B8 /* Release */ = {
			isa = XCBuildConfiguration;
			buildSettings = {
				ALWAYS_EMBED_SWIFT_STANDARD_LIBRARIES = YES;
				BUNDLE_LOADER = "$(TEST_HOST)";
				CODE_SIGN_STYLE = Automatic;
				CURRENT_PROJECT_VERSION = 1;
				GENERATE_INFOPLIST_FILE = YES;
				IPHONEOS_DEPLOYMENT_TARGET = 15.2;
				MARKETING_VERSION = 1.0;
				PRODUCT_BUNDLE_IDENTIFIER = com.swift.PokedexTests;
				PRODUCT_NAME = "$(TARGET_NAME)";
				SWIFT_EMIT_LOC_STRINGS = NO;
				SWIFT_VERSION = 5.0;
				TARGETED_DEVICE_FAMILY = "1,2";
				TEST_HOST = "$(BUILT_PRODUCTS_DIR)/Pokedex.app/Pokedex";
			};
			name = Release;
		};
		5948BC7F27BEF2BE0063E8B8 /* Debug */ = {
			isa = XCBuildConfiguration;
			buildSettings = {
				ALWAYS_EMBED_SWIFT_STANDARD_LIBRARIES = YES;
				CODE_SIGN_STYLE = Automatic;
				CURRENT_PROJECT_VERSION = 1;
				GENERATE_INFOPLIST_FILE = YES;
				MARKETING_VERSION = 1.0;
				PRODUCT_BUNDLE_IDENTIFIER = com.swift.PokedexUITests;
				PRODUCT_NAME = "$(TARGET_NAME)";
				SWIFT_EMIT_LOC_STRINGS = NO;
				SWIFT_VERSION = 5.0;
				TARGETED_DEVICE_FAMILY = "1,2";
				TEST_TARGET_NAME = Pokedex;
			};
			name = Debug;
		};
		5948BC8027BEF2BE0063E8B8 /* Release */ = {
			isa = XCBuildConfiguration;
			buildSettings = {
				ALWAYS_EMBED_SWIFT_STANDARD_LIBRARIES = YES;
				CODE_SIGN_STYLE = Automatic;
				CURRENT_PROJECT_VERSION = 1;
				GENERATE_INFOPLIST_FILE = YES;
				MARKETING_VERSION = 1.0;
				PRODUCT_BUNDLE_IDENTIFIER = com.swift.PokedexUITests;
				PRODUCT_NAME = "$(TARGET_NAME)";
				SWIFT_EMIT_LOC_STRINGS = NO;
				SWIFT_VERSION = 5.0;
				TARGETED_DEVICE_FAMILY = "1,2";
				TEST_TARGET_NAME = Pokedex;
			};
			name = Release;
		};
/* End XCBuildConfiguration section */

/* Begin XCConfigurationList section */
		5948BC4F27BEF2BC0063E8B8 /* Build configuration list for PBXProject "Pokedex" */ = {
			isa = XCConfigurationList;
			buildConfigurations = (
				5948BC7627BEF2BE0063E8B8 /* Debug */,
				5948BC7727BEF2BE0063E8B8 /* Release */,
			);
			defaultConfigurationIsVisible = 0;
			defaultConfigurationName = Release;
		};
		5948BC7827BEF2BE0063E8B8 /* Build configuration list for PBXNativeTarget "Pokedex" */ = {
			isa = XCConfigurationList;
			buildConfigurations = (
				5948BC7927BEF2BE0063E8B8 /* Debug */,
				5948BC7A27BEF2BE0063E8B8 /* Release */,
			);
			defaultConfigurationIsVisible = 0;
			defaultConfigurationName = Release;
		};
		5948BC7B27BEF2BE0063E8B8 /* Build configuration list for PBXNativeTarget "PokedexTests" */ = {
			isa = XCConfigurationList;
			buildConfigurations = (
				5948BC7C27BEF2BE0063E8B8 /* Debug */,
				5948BC7D27BEF2BE0063E8B8 /* Release */,
			);
			defaultConfigurationIsVisible = 0;
			defaultConfigurationName = Release;
		};
		5948BC7E27BEF2BE0063E8B8 /* Build configuration list for PBXNativeTarget "PokedexUITests" */ = {
			isa = XCConfigurationList;
			buildConfigurations = (
				5948BC7F27BEF2BE0063E8B8 /* Debug */,
				5948BC8027BEF2BE0063E8B8 /* Release */,
			);
			defaultConfigurationIsVisible = 0;
			defaultConfigurationName = Release;
		};
/* End XCConfigurationList section */
	};
	rootObject = 5948BC4C27BEF2BC0063E8B8 /* Project object */;
}
