// !$*UTF8*$!
{
	archiveVersion = 1;
	classes = {
	};
	objectVersion = 55;
	objects = {

/* Begin PBXBuildFile section */
		59CCBC66279DD2E3002A8592 /* TestingApp.swift in Sources */ = {isa = PBXBuildFile; fileRef = 59CCBC65279DD2E3002A8592 /* TestingApp.swift */; };
		59CCBC68279DD2E3002A8592 /* ContentView.swift in Sources */ = {isa = PBXBuildFile; fileRef = 59CCBC67279DD2E3002A8592 /* ContentView.swift */; };
		59CCBC6A279DD2E7002A8592 /* Assets.xcassets in Resources */ = {isa = PBXBuildFile; fileRef = 59CCBC69279DD2E7002A8592 /* Assets.xcassets */; };
		59CCBC6D279DD2E7002A8592 /* Preview Assets.xcassets in Resources */ = {isa = PBXBuildFile; fileRef = 59CCBC6C279DD2E7002A8592 /* Preview Assets.xcassets */; };
		59CCBC77279DD2E7002A8592 /* TestingTests.swift in Sources */ = {isa = PBXBuildFile; fileRef = 59CCBC76279DD2E7002A8592 /* TestingTests.swift */; };
		59CCBC81279DD2E7002A8592 /* TestingUITests.swift in Sources */ = {isa = PBXBuildFile; fileRef = 59CCBC80279DD2E7002A8592 /* TestingUITests.swift */; };
		59CCBC83279DD2E7002A8592 /* TestingUITestsLaunchTests.swift in Sources */ = {isa = PBXBuildFile; fileRef = 59CCBC82279DD2E7002A8592 /* TestingUITestsLaunchTests.swift */; };
/* End PBXBuildFile section */

/* Begin PBXContainerItemProxy section */
		59CCBC73279DD2E7002A8592 /* PBXContainerItemProxy */ = {
			isa = PBXContainerItemProxy;
			containerPortal = 59CCBC5A279DD2E3002A8592 /* Project object */;
			proxyType = 1;
			remoteGlobalIDString = 59CCBC61279DD2E3002A8592;
			remoteInfo = Testing;
		};
		59CCBC7D279DD2E7002A8592 /* PBXContainerItemProxy */ = {
			isa = PBXContainerItemProxy;
			containerPortal = 59CCBC5A279DD2E3002A8592 /* Project object */;
			proxyType = 1;
			remoteGlobalIDString = 59CCBC61279DD2E3002A8592;
			remoteInfo = Testing;
		};
/* End PBXContainerItemProxy section */

/* Begin PBXFileReference section */
		59CCBC62279DD2E3002A8592 /* Testing.app */ = {isa = PBXFileReference; explicitFileType = wrapper.application; includeInIndex = 0; path = Testing.app; sourceTree = BUILT_PRODUCTS_DIR; };
		59CCBC65279DD2E3002A8592 /* TestingApp.swift */ = {isa = PBXFileReference; lastKnownFileType = sourcecode.swift; path = TestingApp.swift; sourceTree = "<group>"; };
		59CCBC67279DD2E3002A8592 /* ContentView.swift */ = {isa = PBXFileReference; lastKnownFileType = sourcecode.swift; path = ContentView.swift; sourceTree = "<group>"; };
		59CCBC69279DD2E7002A8592 /* Assets.xcassets */ = {isa = PBXFileReference; lastKnownFileType = folder.assetcatalog; path = Assets.xcassets; sourceTree = "<group>"; };
		59CCBC6C279DD2E7002A8592 /* Preview Assets.xcassets */ = {isa = PBXFileReference; lastKnownFileType = folder.assetcatalog; path = "Preview Assets.xcassets"; sourceTree = "<group>"; };
		59CCBC72279DD2E7002A8592 /* TestingTests.xctest */ = {isa = PBXFileReference; explicitFileType = wrapper.cfbundle; includeInIndex = 0; path = TestingTests.xctest; sourceTree = BUILT_PRODUCTS_DIR; };
		59CCBC76279DD2E7002A8592 /* TestingTests.swift */ = {isa = PBXFileReference; lastKnownFileType = sourcecode.swift; path = TestingTests.swift; sourceTree = "<group>"; };
		59CCBC7C279DD2E7002A8592 /* TestingUITests.xctest */ = {isa = PBXFileReference; explicitFileType = wrapper.cfbundle; includeInIndex = 0; path = TestingUITests.xctest; sourceTree = BUILT_PRODUCTS_DIR; };
		59CCBC80279DD2E7002A8592 /* TestingUITests.swift */ = {isa = PBXFileReference; lastKnownFileType = sourcecode.swift; path = TestingUITests.swift; sourceTree = "<group>"; };
		59CCBC82279DD2E7002A8592 /* TestingUITestsLaunchTests.swift */ = {isa = PBXFileReference; lastKnownFileType = sourcecode.swift; path = TestingUITestsLaunchTests.swift; sourceTree = "<group>"; };
/* End PBXFileReference section */

/* Begin PBXFrameworksBuildPhase section */
		59CCBC5F279DD2E3002A8592 /* Frameworks */ = {
			isa = PBXFrameworksBuildPhase;
			buildActionMask = 2147483647;
			files = (
			);
			runOnlyForDeploymentPostprocessing = 0;
		};
		59CCBC6F279DD2E7002A8592 /* Frameworks */ = {
			isa = PBXFrameworksBuildPhase;
			buildActionMask = 2147483647;
			files = (
			);
			runOnlyForDeploymentPostprocessing = 0;
		};
		59CCBC79279DD2E7002A8592 /* Frameworks */ = {
			isa = PBXFrameworksBuildPhase;
			buildActionMask = 2147483647;
			files = (
			);
			runOnlyForDeploymentPostprocessing = 0;
		};
/* End PBXFrameworksBuildPhase section */

/* Begin PBXGroup section */
		59CCBC59279DD2E3002A8592 = {
			isa = PBXGroup;
			children = (
				59CCBC64279DD2E3002A8592 /* Testing */,
				59CCBC75279DD2E7002A8592 /* TestingTests */,
				59CCBC7F279DD2E7002A8592 /* TestingUITests */,
				59CCBC63279DD2E3002A8592 /* Products */,
			);
			sourceTree = "<group>";
		};
		59CCBC63279DD2E3002A8592 /* Products */ = {
			isa = PBXGroup;
			children = (
				59CCBC62279DD2E3002A8592 /* Testing.app */,
				59CCBC72279DD2E7002A8592 /* TestingTests.xctest */,
				59CCBC7C279DD2E7002A8592 /* TestingUITests.xctest */,
			);
			name = Products;
			sourceTree = "<group>";
		};
		59CCBC64279DD2E3002A8592 /* Testing */ = {
			isa = PBXGroup;
			children = (
				59CCBC65279DD2E3002A8592 /* TestingApp.swift */,
				59CCBC67279DD2E3002A8592 /* ContentView.swift */,
				59CCBC69279DD2E7002A8592 /* Assets.xcassets */,
				59CCBC6B279DD2E7002A8592 /* Preview Content */,
			);
			path = Testing;
			sourceTree = "<group>";
		};
		59CCBC6B279DD2E7002A8592 /* Preview Content */ = {
			isa = PBXGroup;
			children = (
				59CCBC6C279DD2E7002A8592 /* Preview Assets.xcassets */,
			);
			path = "Preview Content";
			sourceTree = "<group>";
		};
		59CCBC75279DD2E7002A8592 /* TestingTests */ = {
			isa = PBXGroup;
			children = (
				59CCBC76279DD2E7002A8592 /* TestingTests.swift */,
			);
			path = TestingTests;
			sourceTree = "<group>";
		};
		59CCBC7F279DD2E7002A8592 /* TestingUITests */ = {
			isa = PBXGroup;
			children = (
				59CCBC80279DD2E7002A8592 /* TestingUITests.swift */,
				59CCBC82279DD2E7002A8592 /* TestingUITestsLaunchTests.swift */,
			);
			path = TestingUITests;
			sourceTree = "<group>";
		};
/* End PBXGroup section */

/* Begin PBXNativeTarget section */
		59CCBC61279DD2E3002A8592 /* Testing */ = {
			isa = PBXNativeTarget;
			buildConfigurationList = 59CCBC86279DD2E7002A8592 /* Build configuration list for PBXNativeTarget "Testing" */;
			buildPhases = (
				59CCBC5E279DD2E3002A8592 /* Sources */,
				59CCBC5F279DD2E3002A8592 /* Frameworks */,
				59CCBC60279DD2E3002A8592 /* Resources */,
			);
			buildRules = (
			);
			dependencies = (
			);
			name = Testing;
			productName = Testing;
			productReference = 59CCBC62279DD2E3002A8592 /* Testing.app */;
			productType = "com.apple.product-type.application";
		};
		59CCBC71279DD2E7002A8592 /* TestingTests */ = {
			isa = PBXNativeTarget;
			buildConfigurationList = 59CCBC89279DD2E7002A8592 /* Build configuration list for PBXNativeTarget "TestingTests" */;
			buildPhases = (
				59CCBC6E279DD2E7002A8592 /* Sources */,
				59CCBC6F279DD2E7002A8592 /* Frameworks */,
				59CCBC70279DD2E7002A8592 /* Resources */,
			);
			buildRules = (
			);
			dependencies = (
				59CCBC74279DD2E7002A8592 /* PBXTargetDependency */,
			);
			name = TestingTests;
			productName = TestingTests;
			productReference = 59CCBC72279DD2E7002A8592 /* TestingTests.xctest */;
			productType = "com.apple.product-type.bundle.unit-test";
		};
		59CCBC7B279DD2E7002A8592 /* TestingUITests */ = {
			isa = PBXNativeTarget;
			buildConfigurationList = 59CCBC8C279DD2E7002A8592 /* Build configuration list for PBXNativeTarget "TestingUITests" */;
			buildPhases = (
				59CCBC78279DD2E7002A8592 /* Sources */,
				59CCBC79279DD2E7002A8592 /* Frameworks */,
				59CCBC7A279DD2E7002A8592 /* Resources */,
			);
			buildRules = (
			);
			dependencies = (
				59CCBC7E279DD2E7002A8592 /* PBXTargetDependency */,
			);
			name = TestingUITests;
			productName = TestingUITests;
			productReference = 59CCBC7C279DD2E7002A8592 /* TestingUITests.xctest */;
			productType = "com.apple.product-type.bundle.ui-testing";
		};
/* End PBXNativeTarget section */

/* Begin PBXProject section */
		59CCBC5A279DD2E3002A8592 /* Project object */ = {
			isa = PBXProject;
			attributes = {
				BuildIndependentTargetsInParallel = 1;
				LastSwiftUpdateCheck = 1320;
				LastUpgradeCheck = 1320;
				TargetAttributes = {
					59CCBC61279DD2E3002A8592 = {
						CreatedOnToolsVersion = 13.2.1;
					};
					59CCBC71279DD2E7002A8592 = {
						CreatedOnToolsVersion = 13.2.1;
						TestTargetID = 59CCBC61279DD2E3002A8592;
					};
					59CCBC7B279DD2E7002A8592 = {
						CreatedOnToolsVersion = 13.2.1;
						TestTargetID = 59CCBC61279DD2E3002A8592;
					};
				};
			};
			buildConfigurationList = 59CCBC5D279DD2E3002A8592 /* Build configuration list for PBXProject "Testing" */;
			compatibilityVersion = "Xcode 13.0";
			developmentRegion = en;
			hasScannedForEncodings = 0;
			knownRegions = (
				en,
				Base,
			);
			mainGroup = 59CCBC59279DD2E3002A8592;
			productRefGroup = 59CCBC63279DD2E3002A8592 /* Products */;
			projectDirPath = "";
			projectRoot = "";
			targets = (
				59CCBC61279DD2E3002A8592 /* Testing */,
				59CCBC71279DD2E7002A8592 /* TestingTests */,
				59CCBC7B279DD2E7002A8592 /* TestingUITests */,
			);
		};
/* End PBXProject section */

/* Begin PBXResourcesBuildPhase section */
		59CCBC60279DD2E3002A8592 /* Resources */ = {
			isa = PBXResourcesBuildPhase;
			buildActionMask = 2147483647;
			files = (
				59CCBC6D279DD2E7002A8592 /* Preview Assets.xcassets in Resources */,
				59CCBC6A279DD2E7002A8592 /* Assets.xcassets in Resources */,
			);
			runOnlyForDeploymentPostprocessing = 0;
		};
		59CCBC70279DD2E7002A8592 /* Resources */ = {
			isa = PBXResourcesBuildPhase;
			buildActionMask = 2147483647;
			files = (
			);
			runOnlyForDeploymentPostprocessing = 0;
		};
		59CCBC7A279DD2E7002A8592 /* Resources */ = {
			isa = PBXResourcesBuildPhase;
			buildActionMask = 2147483647;
			files = (
			);
			runOnlyForDeploymentPostprocessing = 0;
		};
/* End PBXResourcesBuildPhase section */

/* Begin PBXSourcesBuildPhase section */
		59CCBC5E279DD2E3002A8592 /* Sources */ = {
			isa = PBXSourcesBuildPhase;
			buildActionMask = 2147483647;
			files = (
				59CCBC68279DD2E3002A8592 /* ContentView.swift in Sources */,
				59CCBC66279DD2E3002A8592 /* TestingApp.swift in Sources */,
			);
			runOnlyForDeploymentPostprocessing = 0;
		};
		59CCBC6E279DD2E7002A8592 /* Sources */ = {
			isa = PBXSourcesBuildPhase;
			buildActionMask = 2147483647;
			files = (
				59CCBC77279DD2E7002A8592 /* TestingTests.swift in Sources */,
			);
			runOnlyForDeploymentPostprocessing = 0;
		};
		59CCBC78279DD2E7002A8592 /* Sources */ = {
			isa = PBXSourcesBuildPhase;
			buildActionMask = 2147483647;
			files = (
				59CCBC81279DD2E7002A8592 /* TestingUITests.swift in Sources */,
				59CCBC83279DD2E7002A8592 /* TestingUITestsLaunchTests.swift in Sources */,
			);
			runOnlyForDeploymentPostprocessing = 0;
		};
/* End PBXSourcesBuildPhase section */

/* Begin PBXTargetDependency section */
		59CCBC74279DD2E7002A8592 /* PBXTargetDependency */ = {
			isa = PBXTargetDependency;
			target = 59CCBC61279DD2E3002A8592 /* Testing */;
			targetProxy = 59CCBC73279DD2E7002A8592 /* PBXContainerItemProxy */;
		};
		59CCBC7E279DD2E7002A8592 /* PBXTargetDependency */ = {
			isa = PBXTargetDependency;
			target = 59CCBC61279DD2E3002A8592 /* Testing */;
			targetProxy = 59CCBC7D279DD2E7002A8592 /* PBXContainerItemProxy */;
		};
/* End PBXTargetDependency section */

/* Begin XCBuildConfiguration section */
		59CCBC84279DD2E7002A8592 /* Debug */ = {
			isa = XCBuildConfiguration;
			buildSettings = {
				ALWAYS_SEARCH_USER_PATHS = NO;
				CLANG_ANALYZER_NONNULL = YES;
				CLANG_ANALYZER_NUMBER_OBJECT_CONVERSION = YES_AGGRESSIVE;
				CLANG_CXX_LANGUAGE_STANDARD = "gnu++17";
				CLANG_CXX_LIBRARY = "libc++";
				CLANG_ENABLE_MODULES = YES;
				CLANG_ENABLE_OBJC_ARC = YES;
				CLANG_ENABLE_OBJC_WEAK = YES;
				CLANG_WARN_BLOCK_CAPTURE_AUTORELEASING = YES;
				CLANG_WARN_BOOL_CONVERSION = YES;
				CLANG_WARN_COMMA = YES;
				CLANG_WARN_CONSTANT_CONVERSION = YES;
				CLANG_WARN_DEPRECATED_OBJC_IMPLEMENTATIONS = YES;
				CLANG_WARN_DIRECT_OBJC_ISA_USAGE = YES_ERROR;
				CLANG_WARN_DOCUMENTATION_COMMENTS = YES;
				CLANG_WARN_EMPTY_BODY = YES;
				CLANG_WARN_ENUM_CONVERSION = YES;
				CLANG_WARN_INFINITE_RECURSION = YES;
				CLANG_WARN_INT_CONVERSION = YES;
				CLANG_WARN_NON_LITERAL_NULL_CONVERSION = YES;
				CLANG_WARN_OBJC_IMPLICIT_RETAIN_SELF = YES;
				CLANG_WARN_OBJC_LITERAL_CONVERSION = YES;
				CLANG_WARN_OBJC_ROOT_CLASS = YES_ERROR;
				CLANG_WARN_QUOTED_INCLUDE_IN_FRAMEWORK_HEADER = YES;
				CLANG_WARN_RANGE_LOOP_ANALYSIS = YES;
				CLANG_WARN_STRICT_PROTOTYPES = YES;
				CLANG_WARN_SUSPICIOUS_MOVE = YES;
				CLANG_WARN_UNGUARDED_AVAILABILITY = YES_AGGRESSIVE;
				CLANG_WARN_UNREACHABLE_CODE = YES;
				CLANG_WARN__DUPLICATE_METHOD_MATCH = YES;
				COPY_PHASE_STRIP = NO;
				DEBUG_INFORMATION_FORMAT = dwarf;
				ENABLE_STRICT_OBJC_MSGSEND = YES;
				ENABLE_TESTABILITY = YES;
				GCC_C_LANGUAGE_STANDARD = gnu11;
				GCC_DYNAMIC_NO_PIC = NO;
				GCC_NO_COMMON_BLOCKS = YES;
				GCC_OPTIMIZATION_LEVEL = 0;
				GCC_PREPROCESSOR_DEFINITIONS = (
					"DEBUG=1",
					"$(inherited)",
				);
				GCC_WARN_64_TO_32_BIT_CONVERSION = YES;
				GCC_WARN_ABOUT_RETURN_TYPE = YES_ERROR;
				GCC_WARN_UNDECLARED_SELECTOR = YES;
				GCC_WARN_UNINITIALIZED_AUTOS = YES_AGGRESSIVE;
				GCC_WARN_UNUSED_FUNCTION = YES;
				GCC_WARN_UNUSED_VARIABLE = YES;
				IPHONEOS_DEPLOYMENT_TARGET = 15.2;
				MTL_ENABLE_DEBUG_INFO = INCLUDE_SOURCE;
				MTL_FAST_MATH = YES;
				ONLY_ACTIVE_ARCH = YES;
				SDKROOT = iphoneos;
				SWIFT_ACTIVE_COMPILATION_CONDITIONS = DEBUG;
				SWIFT_OPTIMIZATION_LEVEL = "-Onone";
			};
			name = Debug;
		};
		59CCBC85279DD2E7002A8592 /* Release */ = {
			isa = XCBuildConfiguration;
			buildSettings = {
				ALWAYS_SEARCH_USER_PATHS = NO;
				CLANG_ANALYZER_NONNULL = YES;
				CLANG_ANALYZER_NUMBER_OBJECT_CONVERSION = YES_AGGRESSIVE;
				CLANG_CXX_LANGUAGE_STANDARD = "gnu++17";
				CLANG_CXX_LIBRARY = "libc++";
				CLANG_ENABLE_MODULES = YES;
				CLANG_ENABLE_OBJC_ARC = YES;
				CLANG_ENABLE_OBJC_WEAK = YES;
				CLANG_WARN_BLOCK_CAPTURE_AUTORELEASING = YES;
				CLANG_WARN_BOOL_CONVERSION = YES;
				CLANG_WARN_COMMA = YES;
				CLANG_WARN_CONSTANT_CONVERSION = YES;
				CLANG_WARN_DEPRECATED_OBJC_IMPLEMENTATIONS = YES;
				CLANG_WARN_DIRECT_OBJC_ISA_USAGE = YES_ERROR;
				CLANG_WARN_DOCUMENTATION_COMMENTS = YES;
				CLANG_WARN_EMPTY_BODY = YES;
				CLANG_WARN_ENUM_CONVERSION = YES;
				CLANG_WARN_INFINITE_RECURSION = YES;
				CLANG_WARN_INT_CONVERSION = YES;
				CLANG_WARN_NON_LITERAL_NULL_CONVERSION = YES;
				CLANG_WARN_OBJC_IMPLICIT_RETAIN_SELF = YES;
				CLANG_WARN_OBJC_LITERAL_CONVERSION = YES;
				CLANG_WARN_OBJC_ROOT_CLASS = YES_ERROR;
				CLANG_WARN_QUOTED_INCLUDE_IN_FRAMEWORK_HEADER = YES;
				CLANG_WARN_RANGE_LOOP_ANALYSIS = YES;
				CLANG_WARN_STRICT_PROTOTYPES = YES;
				CLANG_WARN_SUSPICIOUS_MOVE = YES;
				CLANG_WARN_UNGUARDED_AVAILABILITY = YES_AGGRESSIVE;
				CLANG_WARN_UNREACHABLE_CODE = YES;
				CLANG_WARN__DUPLICATE_METHOD_MATCH = YES;
				COPY_PHASE_STRIP = NO;
				DEBUG_INFORMATION_FORMAT = "dwarf-with-dsym";
				ENABLE_NS_ASSERTIONS = NO;
				ENABLE_STRICT_OBJC_MSGSEND = YES;
				GCC_C_LANGUAGE_STANDARD = gnu11;
				GCC_NO_COMMON_BLOCKS = YES;
				GCC_WARN_64_TO_32_BIT_CONVERSION = YES;
				GCC_WARN_ABOUT_RETURN_TYPE = YES_ERROR;
				GCC_WARN_UNDECLARED_SELECTOR = YES;
				GCC_WARN_UNINITIALIZED_AUTOS = YES_AGGRESSIVE;
				GCC_WARN_UNUSED_FUNCTION = YES;
				GCC_WARN_UNUSED_VARIABLE = YES;
				IPHONEOS_DEPLOYMENT_TARGET = 15.2;
				MTL_ENABLE_DEBUG_INFO = NO;
				MTL_FAST_MATH = YES;
				SDKROOT = iphoneos;
				SWIFT_COMPILATION_MODE = wholemodule;
				SWIFT_OPTIMIZATION_LEVEL = "-O";
				VALIDATE_PRODUCT = YES;
			};
			name = Release;
		};
		59CCBC87279DD2E7002A8592 /* Debug */ = {
			isa = XCBuildConfiguration;
			buildSettings = {
				ASSETCATALOG_COMPILER_APPICON_NAME = AppIcon;
				ASSETCATALOG_COMPILER_GLOBAL_ACCENT_COLOR_NAME = AccentColor;
				CODE_SIGN_STYLE = Automatic;
				CURRENT_PROJECT_VERSION = 1;
				DEVELOPMENT_ASSET_PATHS = "\"Testing/Preview Content\"";
				ENABLE_PREVIEWS = YES;
				GENERATE_INFOPLIST_FILE = YES;
				INFOPLIST_KEY_UIApplicationSceneManifest_Generation = YES;
				INFOPLIST_KEY_UIApplicationSupportsIndirectInputEvents = YES;
				INFOPLIST_KEY_UILaunchScreen_Generation = YES;
				INFOPLIST_KEY_UISupportedInterfaceOrientations_iPad = "UIInterfaceOrientationPortrait UIInterfaceOrientationPortraitUpsideDown UIInterfaceOrientationLandscapeLeft UIInterfaceOrientationLandscapeRight";
				INFOPLIST_KEY_UISupportedInterfaceOrientations_iPhone = "UIInterfaceOrientationPortrait UIInterfaceOrientationLandscapeLeft UIInterfaceOrientationLandscapeRight";
				LD_RUNPATH_SEARCH_PATHS = (
					"$(inherited)",
					"@executable_path/Frameworks",
				);
				MARKETING_VERSION = 1.0;
				PRODUCT_BUNDLE_IDENTIFIER = com.swift.Testing;
				PRODUCT_NAME = "$(TARGET_NAME)";
				SWIFT_EMIT_LOC_STRINGS = YES;
				SWIFT_VERSION = 5.0;
				TARGETED_DEVICE_FAMILY = "1,2";
			};
			name = Debug;
		};
		59CCBC88279DD2E7002A8592 /* Release */ = {
			isa = XCBuildConfiguration;
			buildSettings = {
				ASSETCATALOG_COMPILER_APPICON_NAME = AppIcon;
				ASSETCATALOG_COMPILER_GLOBAL_ACCENT_COLOR_NAME = AccentColor;
				CODE_SIGN_STYLE = Automatic;
				CURRENT_PROJECT_VERSION = 1;
				DEVELOPMENT_ASSET_PATHS = "\"Testing/Preview Content\"";
				ENABLE_PREVIEWS = YES;
				GENERATE_INFOPLIST_FILE = YES;
				INFOPLIST_KEY_UIApplicationSceneManifest_Generation = YES;
				INFOPLIST_KEY_UIApplicationSupportsIndirectInputEvents = YES;
				INFOPLIST_KEY_UILaunchScreen_Generation = YES;
				INFOPLIST_KEY_UISupportedInterfaceOrientations_iPad = "UIInterfaceOrientationPortrait UIInterfaceOrientationPortraitUpsideDown UIInterfaceOrientationLandscapeLeft UIInterfaceOrientationLandscapeRight";
				INFOPLIST_KEY_UISupportedInterfaceOrientations_iPhone = "UIInterfaceOrientationPortrait UIInterfaceOrientationLandscapeLeft UIInterfaceOrientationLandscapeRight";
				LD_RUNPATH_SEARCH_PATHS = (
					"$(inherited)",
					"@executable_path/Frameworks",
				);
				MARKETING_VERSION = 1.0;
				PRODUCT_BUNDLE_IDENTIFIER = com.swift.Testing;
				PRODUCT_NAME = "$(TARGET_NAME)";
				SWIFT_EMIT_LOC_STRINGS = YES;
				SWIFT_VERSION = 5.0;
				TARGETED_DEVICE_FAMILY = "1,2";
			};
			name = Release;
		};
		59CCBC8A279DD2E7002A8592 /* Debug */ = {
			isa = XCBuildConfiguration;
			buildSettings = {
				ALWAYS_EMBED_SWIFT_STANDARD_LIBRARIES = YES;
				BUNDLE_LOADER = "$(TEST_HOST)";
				CODE_SIGN_STYLE = Automatic;
				CURRENT_PROJECT_VERSION = 1;
				GENERATE_INFOPLIST_FILE = YES;
				IPHONEOS_DEPLOYMENT_TARGET = 15.2;
				MARKETING_VERSION = 1.0;
				PRODUCT_BUNDLE_IDENTIFIER = com.swift.TestingTests;
				PRODUCT_NAME = "$(TARGET_NAME)";
				SWIFT_EMIT_LOC_STRINGS = NO;
				SWIFT_VERSION = 5.0;
				TARGETED_DEVICE_FAMILY = "1,2";
				TEST_HOST = "$(BUILT_PRODUCTS_DIR)/Testing.app/Testing";
			};
			name = Debug;
		};
		59CCBC8B279DD2E7002A8592 /* Release */ = {
			isa = XCBuildConfiguration;
			buildSettings = {
				ALWAYS_EMBED_SWIFT_STANDARD_LIBRARIES = YES;
				BUNDLE_LOADER = "$(TEST_HOST)";
				CODE_SIGN_STYLE = Automatic;
				CURRENT_PROJECT_VERSION = 1;
				GENERATE_INFOPLIST_FILE = YES;
				IPHONEOS_DEPLOYMENT_TARGET = 15.2;
				MARKETING_VERSION = 1.0;
				PRODUCT_BUNDLE_IDENTIFIER = com.swift.TestingTests;
				PRODUCT_NAME = "$(TARGET_NAME)";
				SWIFT_EMIT_LOC_STRINGS = NO;
				SWIFT_VERSION = 5.0;
				TARGETED_DEVICE_FAMILY = "1,2";
				TEST_HOST = "$(BUILT_PRODUCTS_DIR)/Testing.app/Testing";
			};
			name = Release;
		};
		59CCBC8D279DD2E7002A8592 /* Debug */ = {
			isa = XCBuildConfiguration;
			buildSettings = {
				ALWAYS_EMBED_SWIFT_STANDARD_LIBRARIES = YES;
				CODE_SIGN_STYLE = Automatic;
				CURRENT_PROJECT_VERSION = 1;
				GENERATE_INFOPLIST_FILE = YES;
				MARKETING_VERSION = 1.0;
				PRODUCT_BUNDLE_IDENTIFIER = com.swift.TestingUITests;
				PRODUCT_NAME = "$(TARGET_NAME)";
				SWIFT_EMIT_LOC_STRINGS = NO;
				SWIFT_VERSION = 5.0;
				TARGETED_DEVICE_FAMILY = "1,2";
				TEST_TARGET_NAME = Testing;
			};
			name = Debug;
		};
		59CCBC8E279DD2E7002A8592 /* Release */ = {
			isa = XCBuildConfiguration;
			buildSettings = {
				ALWAYS_EMBED_SWIFT_STANDARD_LIBRARIES = YES;
				CODE_SIGN_STYLE = Automatic;
				CURRENT_PROJECT_VERSION = 1;
				GENERATE_INFOPLIST_FILE = YES;
				MARKETING_VERSION = 1.0;
				PRODUCT_BUNDLE_IDENTIFIER = com.swift.TestingUITests;
				PRODUCT_NAME = "$(TARGET_NAME)";
				SWIFT_EMIT_LOC_STRINGS = NO;
				SWIFT_VERSION = 5.0;
				TARGETED_DEVICE_FAMILY = "1,2";
				TEST_TARGET_NAME = Testing;
			};
			name = Release;
		};
/* End XCBuildConfiguration section */

/* Begin XCConfigurationList section */
		59CCBC5D279DD2E3002A8592 /* Build configuration list for PBXProject "Testing" */ = {
			isa = XCConfigurationList;
			buildConfigurations = (
				59CCBC84279DD2E7002A8592 /* Debug */,
				59CCBC85279DD2E7002A8592 /* Release */,
			);
			defaultConfigurationIsVisible = 0;
			defaultConfigurationName = Release;
		};
		59CCBC86279DD2E7002A8592 /* Build configuration list for PBXNativeTarget "Testing" */ = {
			isa = XCConfigurationList;
			buildConfigurations = (
				59CCBC87279DD2E7002A8592 /* Debug */,
				59CCBC88279DD2E7002A8592 /* Release */,
			);
			defaultConfigurationIsVisible = 0;
			defaultConfigurationName = Release;
		};
		59CCBC89279DD2E7002A8592 /* Build configuration list for PBXNativeTarget "TestingTests" */ = {
			isa = XCConfigurationList;
			buildConfigurations = (
				59CCBC8A279DD2E7002A8592 /* Debug */,
				59CCBC8B279DD2E7002A8592 /* Release */,
			);
			defaultConfigurationIsVisible = 0;
			defaultConfigurationName = Release;
		};
		59CCBC8C279DD2E7002A8592 /* Build configuration list for PBXNativeTarget "TestingUITests" */ = {
			isa = XCConfigurationList;
			buildConfigurations = (
				59CCBC8D279DD2E7002A8592 /* Debug */,
				59CCBC8E279DD2E7002A8592 /* Release */,
			);
			defaultConfigurationIsVisible = 0;
			defaultConfigurationName = Release;
		};
/* End XCConfigurationList section */
	};
	rootObject = 59CCBC5A279DD2E3002A8592 /* Project object */;
}
